PODS:
  - PNChart (0.8.9):
    - UICountingLabel (~> 1.2.0)
  - SwiftyJSON (4.1.0)
  - UICountingLabel (1.2.0)

DEPENDENCIES:
  - PNChart
  - SwiftyJSON (~> 4.0)

SPEC REPOS:
  https://github.com/cocoapods/specs.git:
    - PNChart
    - SwiftyJSON
    - UICountingLabel

SPEC CHECKSUMS:
  PNChart: 84774d225c2126ded6c93d4dbe6ae98c3a73c2d2
  SwiftyJSON: c29297daf073d2aa016295d5809cdd68045c39b3
  UICountingLabel: 1db4e7d023e1762171eb226d6dff47a7a84f27aa

PODFILE CHECKSUM: d7995a18c38fb8571c8c211286fe48c6fca88e12

COCOAPODS: 1.5.3
