PODS:
  - PNChart (0.8.9):
    - UICountingLabel (~> 1.2.0)
  - UICountingLabel (1.2.0)

DEPENDENCIES:
  - PNChart

SPEC CHECKSUMS:
  PNChart: 84774d225c2126ded6c93d4dbe6ae98c3a73c2d2
  UICountingLabel: 1db4e7d023e1762171eb226d6dff47a7a84f27aa

PODFILE CHECKSUM: 433bf58d118dfda211ffdc69d61198ecc567b316

COCOAPODS: 1.3.1
